// !$*UTF8*$!
{
	archiveVersion = 1;
	classes = {
	};
	objectVersion = 51;
	objects = {

/* Begin PBXBuildFile section */
		3E017C12220307F600CF2E96 /* GradientView.swift in Sources */ = {isa = PBXBuildFile; fileRef = 3E017C11220307F600CF2E96 /* GradientView.swift */; };
		3E017C1522030A8A00CF2E96 /* FirebaseManager.swift in Sources */ = {isa = PBXBuildFile; fileRef = 3E017C1422030A8A00CF2E96 /* FirebaseManager.swift */; };
		3E204CEB22E8C8690053283D /* MyProfileViewController+Description.swift in Sources */ = {isa = PBXBuildFile; fileRef = 3E204CEA22E8C8690053283D /* MyProfileViewController+Description.swift */; };
		3E204CED22E8CC8B0053283D /* Themes.swift in Sources */ = {isa = PBXBuildFile; fileRef = 3E204CEC22E8CC8B0053283D /* Themes.swift */; };
		3E204CEF22E8CD0A0053283D /* UIColor+Extensions.swift in Sources */ = {isa = PBXBuildFile; fileRef = 3E204CEE22E8CD0A0053283D /* UIColor+Extensions.swift */; };
		3E204CF122E8DD460053283D /* CalendarDecorator.swift in Sources */ = {isa = PBXBuildFile; fileRef = 3E204CF022E8DD460053283D /* CalendarDecorator.swift */; };
		3E204CF322E8E1070053283D /* MyProfileViewController+Calendar.swift in Sources */ = {isa = PBXBuildFile; fileRef = 3E204CF222E8E1070053283D /* MyProfileViewController+Calendar.swift */; };
		3E2B406722D905B500D73406 /* SelectPriceViewController.swift in Sources */ = {isa = PBXBuildFile; fileRef = 3E2B406622D905B500D73406 /* SelectPriceViewController.swift */; };
		3E2B406922D90A1200D73406 /* MyProfileViewController+Price.swift in Sources */ = {isa = PBXBuildFile; fileRef = 3E2B406822D90A1200D73406 /* MyProfileViewController+Price.swift */; };
		3E32991E21C687B400BC33AB /* BaseViewController.swift in Sources */ = {isa = PBXBuildFile; fileRef = 3E32991D21C687B400BC33AB /* BaseViewController.swift */; };
		3E32992021C68A5800BC33AB /* SetUserVideoViewController.swift in Sources */ = {isa = PBXBuildFile; fileRef = 3E32991F21C68A5800BC33AB /* SetUserVideoViewController.swift */; };
		3E36FDB721A353AA007781E5 /* AppDelegate.swift in Sources */ = {isa = PBXBuildFile; fileRef = 3E36FDB621A353AA007781E5 /* AppDelegate.swift */; };
		3E36FDBE21A353AB007781E5 /* Assets.xcassets in Resources */ = {isa = PBXBuildFile; fileRef = 3E36FDBD21A353AB007781E5 /* Assets.xcassets */; };
		3E36FDF921A35463007781E5 /* ProfileCell.swift in Sources */ = {isa = PBXBuildFile; fileRef = 3E36FDC921A35462007781E5 /* ProfileCell.swift */; };
		3E36FDFA21A35463007781E5 /* ProfileCell.xib in Resources */ = {isa = PBXBuildFile; fileRef = 3E36FDCA21A35462007781E5 /* ProfileCell.xib */; };
		3E36FDFB21A35463007781E5 /* LaunchScreen.storyboard in Resources */ = {isa = PBXBuildFile; fileRef = 3E36FDCB21A35462007781E5 /* LaunchScreen.storyboard */; };
		3E36FDFC21A35463007781E5 /* Main.storyboard in Resources */ = {isa = PBXBuildFile; fileRef = 3E36FDCD21A35462007781E5 /* Main.storyboard */; };
		3E36FDFD21A35463007781E5 /* HelpUIButtonClass.swift in Sources */ = {isa = PBXBuildFile; fileRef = 3E36FDD121A35462007781E5 /* HelpUIButtonClass.swift */; };
		3E36FDFE21A35463007781E5 /* GlobalManager.swift in Sources */ = {isa = PBXBuildFile; fileRef = 3E36FDD221A35462007781E5 /* GlobalManager.swift */; };
		3E36FDFF21A35463007781E5 /* ProfilesListViewController.swift in Sources */ = {isa = PBXBuildFile; fileRef = 3E36FDD421A35462007781E5 /* ProfilesListViewController.swift */; };
		3E36FE0121A35463007781E5 /* LoginViewController.swift in Sources */ = {isa = PBXBuildFile; fileRef = 3E36FDD821A35462007781E5 /* LoginViewController.swift */; };
		3E36FE0221A35463007781E5 /* MenuViewController.swift in Sources */ = {isa = PBXBuildFile; fileRef = 3E36FDD921A35462007781E5 /* MenuViewController.swift */; };
		3E36FE2221A355BE007781E5 /* GoogleService-Info.plist in Resources */ = {isa = PBXBuildFile; fileRef = 3E36FE2121A355BE007781E5 /* GoogleService-Info.plist */; };
		3E3ECA8521EFC60D007B1FC3 /* User.swift in Sources */ = {isa = PBXBuildFile; fileRef = 3E3ECA8421EFC60D007B1FC3 /* User.swift */; };
		3E4AFED5230F08E5005B4E40 /* AddVideoCell.swift in Sources */ = {isa = PBXBuildFile; fileRef = 3E4AFED4230F08E5005B4E40 /* AddVideoCell.swift */; };
		3E4AFED7230F18E3005B4E40 /* VideoCell.swift in Sources */ = {isa = PBXBuildFile; fileRef = 3E4AFED6230F18E3005B4E40 /* VideoCell.swift */; };
		3E60598A222ED0D100156CB4 /* UIView+Extensions.swift in Sources */ = {isa = PBXBuildFile; fileRef = 3E605989222ED0D100156CB4 /* UIView+Extensions.swift */; };
		3E60598C222EDA4400156CB4 /* LoginManager.swift in Sources */ = {isa = PBXBuildFile; fileRef = 3E60598B222EDA4400156CB4 /* LoginManager.swift */; };
		3E60598E222EDEB100156CB4 /* UIImage+Extensions.swift in Sources */ = {isa = PBXBuildFile; fileRef = 3E60598D222EDEB100156CB4 /* UIImage+Extensions.swift */; };
		3E605990222F013F00156CB4 /* SetUserDatesVC.swift in Sources */ = {isa = PBXBuildFile; fileRef = 3E60598F222F013F00156CB4 /* SetUserDatesVC.swift */; };
		3E6BE0F223AF965300B84BF7 /* MyProfileViewController+Videos.swift in Sources */ = {isa = PBXBuildFile; fileRef = 3E6BE0F123AF965300B84BF7 /* MyProfileViewController+Videos.swift */; };
		3E75CAAF228FEA67004F8127 /* NetworkManager.swift in Sources */ = {isa = PBXBuildFile; fileRef = 3E75CAAE228FEA67004F8127 /* NetworkManager.swift */; };
		3E75CAB2228FEB35004F8127 /* City.swift in Sources */ = {isa = PBXBuildFile; fileRef = 3E75CAB1228FEB35004F8127 /* City.swift */; };
		3E75CAB4228FEBEA004F8127 /* StartViewController.swift in Sources */ = {isa = PBXBuildFile; fileRef = 3E75CAB3228FEBEA004F8127 /* StartViewController.swift */; };
		3E75CCDC22902C7E004F8127 /* MapVC.swift in Sources */ = {isa = PBXBuildFile; fileRef = 3E75CCDB22902C7E004F8127 /* MapVC.swift */; };
		3E85491122C9157400869A9B /* MyProfileViewController.swift in Sources */ = {isa = PBXBuildFile; fileRef = 3E85491022C9157400869A9B /* MyProfileViewController.swift */; };
		3E9C21F122BAB2F60080A7CC /* CountriesList.json in Resources */ = {isa = PBXBuildFile; fileRef = 3E9C21F022BAB2F50080A7CC /* CountriesList.json */; };
		3EA1B057226A0BED0039CFC1 /* FullScreenImageVC.swift in Sources */ = {isa = PBXBuildFile; fileRef = 3EA1B056226A0BED0039CFC1 /* FullScreenImageVC.swift */; };
		3EAD7D942233F69E0031485F /* CartVC.swift in Sources */ = {isa = PBXBuildFile; fileRef = 3EAD7D932233F69E0031485F /* CartVC.swift */; };
		3EB266082295C41A00DCC5AB /* FilterVC.swift in Sources */ = {isa = PBXBuildFile; fileRef = 3EB266072295C41A00DCC5AB /* FilterVC.swift */; };
		3EBEC72421EBA37800274C76 /* SelectCityViewController.swift in Sources */ = {isa = PBXBuildFile; fileRef = 3EBEC72321EBA37800274C76 /* SelectCityViewController.swift */; };
		3EBEC72621EBA9C600274C76 /* Geocoder.swift in Sources */ = {isa = PBXBuildFile; fileRef = 3EBEC72521EBA9C600274C76 /* Geocoder.swift */; };
		3EC0D00721BD38CF004627EA /* Profile.storyboard in Resources */ = {isa = PBXBuildFile; fileRef = 3EC0D00621BD38CF004627EA /* Profile.storyboard */; };
		3EFAD9FB22CE733100DF5093 /* MyProfileViewModel.swift in Sources */ = {isa = PBXBuildFile; fileRef = 3EFAD9FA22CE733100DF5093 /* MyProfileViewModel.swift */; };
		3EFAD9FD22CE75D200DF5093 /* MyProfileViewController+Photo.swift in Sources */ = {isa = PBXBuildFile; fileRef = 3EFAD9FC22CE75D200DF5093 /* MyProfileViewController+Photo.swift */; };
		3EFAD9FF22CE794700DF5093 /* MyProfileViewController+Name.swift in Sources */ = {isa = PBXBuildFile; fileRef = 3EFAD9FE22CE794700DF5093 /* MyProfileViewController+Name.swift */; };
		3EFADA0122CE7A5200DF5093 /* MyProfileViewController+ArtistType.swift in Sources */ = {isa = PBXBuildFile; fileRef = 3EFADA0022CE7A5200DF5093 /* MyProfileViewController+ArtistType.swift */; };
		3F49E216FAF3A73B392157ED /* Pods_BestArtist.framework in Frameworks */ = {isa = PBXBuildFile; fileRef = 57BF5AAA5B95CAB573354B0D /* Pods_BestArtist.framework */; };
/* End PBXBuildFile section */

/* Begin PBXFileReference section */
		381E424005E70D704B3C4588 /* Pods-BestArtist.debug.xcconfig */ = {isa = PBXFileReference; includeInIndex = 1; lastKnownFileType = text.xcconfig; name = "Pods-BestArtist.debug.xcconfig"; path = "Pods/Target Support Files/Pods-BestArtist/Pods-BestArtist.debug.xcconfig"; sourceTree = "<group>"; };
		3E017C11220307F600CF2E96 /* GradientView.swift */ = {isa = PBXFileReference; lastKnownFileType = sourcecode.swift; path = GradientView.swift; sourceTree = "<group>"; };
		3E017C1422030A8A00CF2E96 /* FirebaseManager.swift */ = {isa = PBXFileReference; lastKnownFileType = sourcecode.swift; path = FirebaseManager.swift; sourceTree = "<group>"; };
		3E204CEA22E8C8690053283D /* MyProfileViewController+Description.swift */ = {isa = PBXFileReference; lastKnownFileType = sourcecode.swift; path = "MyProfileViewController+Description.swift"; sourceTree = "<group>"; };
		3E204CEC22E8CC8B0053283D /* Themes.swift */ = {isa = PBXFileReference; lastKnownFileType = sourcecode.swift; path = Themes.swift; sourceTree = "<group>"; };
		3E204CEE22E8CD0A0053283D /* UIColor+Extensions.swift */ = {isa = PBXFileReference; lastKnownFileType = sourcecode.swift; path = "UIColor+Extensions.swift"; sourceTree = "<group>"; };
		3E204CF022E8DD460053283D /* CalendarDecorator.swift */ = {isa = PBXFileReference; lastKnownFileType = sourcecode.swift; path = CalendarDecorator.swift; sourceTree = "<group>"; };
		3E204CF222E8E1070053283D /* MyProfileViewController+Calendar.swift */ = {isa = PBXFileReference; lastKnownFileType = sourcecode.swift; path = "MyProfileViewController+Calendar.swift"; sourceTree = "<group>"; };
		3E2B406622D905B500D73406 /* SelectPriceViewController.swift */ = {isa = PBXFileReference; fileEncoding = 4; lastKnownFileType = sourcecode.swift; path = SelectPriceViewController.swift; sourceTree = "<group>"; };
		3E2B406822D90A1200D73406 /* MyProfileViewController+Price.swift */ = {isa = PBXFileReference; lastKnownFileType = sourcecode.swift; path = "MyProfileViewController+Price.swift"; sourceTree = "<group>"; };
		3E32991D21C687B400BC33AB /* BaseViewController.swift */ = {isa = PBXFileReference; lastKnownFileType = sourcecode.swift; path = BaseViewController.swift; sourceTree = "<group>"; };
		3E32991F21C68A5800BC33AB /* SetUserVideoViewController.swift */ = {isa = PBXFileReference; lastKnownFileType = sourcecode.swift; path = SetUserVideoViewController.swift; sourceTree = "<group>"; };
		3E36FDB321A353AA007781E5 /* BestArtist.app */ = {isa = PBXFileReference; explicitFileType = wrapper.application; includeInIndex = 0; path = BestArtist.app; sourceTree = BUILT_PRODUCTS_DIR; };
		3E36FDB621A353AA007781E5 /* AppDelegate.swift */ = {isa = PBXFileReference; lastKnownFileType = sourcecode.swift; path = AppDelegate.swift; sourceTree = "<group>"; };
		3E36FDBD21A353AB007781E5 /* Assets.xcassets */ = {isa = PBXFileReference; lastKnownFileType = folder.assetcatalog; path = Assets.xcassets; sourceTree = "<group>"; };
		3E36FDC221A353AB007781E5 /* Info.plist */ = {isa = PBXFileReference; lastKnownFileType = text.plist.xml; path = Info.plist; sourceTree = "<group>"; };
		3E36FDC921A35462007781E5 /* ProfileCell.swift */ = {isa = PBXFileReference; fileEncoding = 4; lastKnownFileType = sourcecode.swift; path = ProfileCell.swift; sourceTree = "<group>"; };
		3E36FDCA21A35462007781E5 /* ProfileCell.xib */ = {isa = PBXFileReference; fileEncoding = 4; lastKnownFileType = file.xib; path = ProfileCell.xib; sourceTree = "<group>"; };
		3E36FDCC21A35462007781E5 /* Base */ = {isa = PBXFileReference; lastKnownFileType = file.storyboard; name = Base; path = Base.lproj/LaunchScreen.storyboard; sourceTree = "<group>"; };
		3E36FDCE21A35462007781E5 /* Base */ = {isa = PBXFileReference; lastKnownFileType = file.storyboard; name = Base; path = Base.lproj/Main.storyboard; sourceTree = "<group>"; };
		3E36FDD121A35462007781E5 /* HelpUIButtonClass.swift */ = {isa = PBXFileReference; fileEncoding = 4; lastKnownFileType = sourcecode.swift; path = HelpUIButtonClass.swift; sourceTree = "<group>"; };
		3E36FDD221A35462007781E5 /* GlobalManager.swift */ = {isa = PBXFileReference; fileEncoding = 4; lastKnownFileType = sourcecode.swift; path = GlobalManager.swift; sourceTree = "<group>"; };
		3E36FDD421A35462007781E5 /* ProfilesListViewController.swift */ = {isa = PBXFileReference; fileEncoding = 4; lastKnownFileType = sourcecode.swift; path = ProfilesListViewController.swift; sourceTree = "<group>"; };
		3E36FDD821A35462007781E5 /* LoginViewController.swift */ = {isa = PBXFileReference; fileEncoding = 4; lastKnownFileType = sourcecode.swift; path = LoginViewController.swift; sourceTree = "<group>"; };
		3E36FDD921A35462007781E5 /* MenuViewController.swift */ = {isa = PBXFileReference; fileEncoding = 4; lastKnownFileType = sourcecode.swift; path = MenuViewController.swift; sourceTree = "<group>"; };
		3E36FE2121A355BE007781E5 /* GoogleService-Info.plist */ = {isa = PBXFileReference; fileEncoding = 4; lastKnownFileType = text.plist.xml; path = "GoogleService-Info.plist"; sourceTree = "<group>"; };
		3E3ECA8421EFC60D007B1FC3 /* User.swift */ = {isa = PBXFileReference; lastKnownFileType = sourcecode.swift; path = User.swift; sourceTree = "<group>"; };
		3E4AFED4230F08E5005B4E40 /* AddVideoCell.swift */ = {isa = PBXFileReference; lastKnownFileType = sourcecode.swift; path = AddVideoCell.swift; sourceTree = "<group>"; };
		3E4AFED6230F18E3005B4E40 /* VideoCell.swift */ = {isa = PBXFileReference; lastKnownFileType = sourcecode.swift; path = VideoCell.swift; sourceTree = "<group>"; };
		3E605989222ED0D100156CB4 /* UIView+Extensions.swift */ = {isa = PBXFileReference; lastKnownFileType = sourcecode.swift; path = "UIView+Extensions.swift"; sourceTree = "<group>"; };
		3E60598B222EDA4400156CB4 /* LoginManager.swift */ = {isa = PBXFileReference; lastKnownFileType = sourcecode.swift; path = LoginManager.swift; sourceTree = "<group>"; };
		3E60598D222EDEB100156CB4 /* UIImage+Extensions.swift */ = {isa = PBXFileReference; lastKnownFileType = sourcecode.swift; path = "UIImage+Extensions.swift"; sourceTree = "<group>"; };
		3E60598F222F013F00156CB4 /* SetUserDatesVC.swift */ = {isa = PBXFileReference; lastKnownFileType = sourcecode.swift; path = SetUserDatesVC.swift; sourceTree = "<group>"; };
		3E6BE0F123AF965300B84BF7 /* MyProfileViewController+Videos.swift */ = {isa = PBXFileReference; lastKnownFileType = sourcecode.swift; path = "MyProfileViewController+Videos.swift"; sourceTree = "<group>"; };
		3E75CAAE228FEA67004F8127 /* NetworkManager.swift */ = {isa = PBXFileReference; lastKnownFileType = sourcecode.swift; path = NetworkManager.swift; sourceTree = "<group>"; };
		3E75CAB1228FEB35004F8127 /* City.swift */ = {isa = PBXFileReference; lastKnownFileType = sourcecode.swift; path = City.swift; sourceTree = "<group>"; };
		3E75CAB3228FEBEA004F8127 /* StartViewController.swift */ = {isa = PBXFileReference; lastKnownFileType = sourcecode.swift; path = StartViewController.swift; sourceTree = "<group>"; };
		3E75CCDB22902C7E004F8127 /* MapVC.swift */ = {isa = PBXFileReference; lastKnownFileType = sourcecode.swift; path = MapVC.swift; sourceTree = "<group>"; };
		3E85491022C9157400869A9B /* MyProfileViewController.swift */ = {isa = PBXFileReference; lastKnownFileType = sourcecode.swift; path = MyProfileViewController.swift; sourceTree = "<group>"; };
		3E9C21F022BAB2F50080A7CC /* CountriesList.json */ = {isa = PBXFileReference; fileEncoding = 4; lastKnownFileType = text.json; path = CountriesList.json; sourceTree = "<group>"; };
		3EA1B056226A0BED0039CFC1 /* FullScreenImageVC.swift */ = {isa = PBXFileReference; lastKnownFileType = sourcecode.swift; path = FullScreenImageVC.swift; sourceTree = "<group>"; };
		3EAD7D932233F69E0031485F /* CartVC.swift */ = {isa = PBXFileReference; lastKnownFileType = sourcecode.swift; path = CartVC.swift; sourceTree = "<group>"; };
		3EB266072295C41A00DCC5AB /* FilterVC.swift */ = {isa = PBXFileReference; lastKnownFileType = sourcecode.swift; path = FilterVC.swift; sourceTree = "<group>"; };
		3EBEC72321EBA37800274C76 /* SelectCityViewController.swift */ = {isa = PBXFileReference; lastKnownFileType = sourcecode.swift; path = SelectCityViewController.swift; sourceTree = "<group>"; };
		3EBEC72521EBA9C600274C76 /* Geocoder.swift */ = {isa = PBXFileReference; lastKnownFileType = sourcecode.swift; path = Geocoder.swift; sourceTree = "<group>"; };
		3EC0D00621BD38CF004627EA /* Profile.storyboard */ = {isa = PBXFileReference; lastKnownFileType = file.storyboard; path = Profile.storyboard; sourceTree = "<group>"; };
		3EFAD9FA22CE733100DF5093 /* MyProfileViewModel.swift */ = {isa = PBXFileReference; lastKnownFileType = sourcecode.swift; path = MyProfileViewModel.swift; sourceTree = "<group>"; };
		3EFAD9FC22CE75D200DF5093 /* MyProfileViewController+Photo.swift */ = {isa = PBXFileReference; lastKnownFileType = sourcecode.swift; path = "MyProfileViewController+Photo.swift"; sourceTree = "<group>"; };
		3EFAD9FE22CE794700DF5093 /* MyProfileViewController+Name.swift */ = {isa = PBXFileReference; lastKnownFileType = sourcecode.swift; path = "MyProfileViewController+Name.swift"; sourceTree = "<group>"; };
		3EFADA0022CE7A5200DF5093 /* MyProfileViewController+ArtistType.swift */ = {isa = PBXFileReference; lastKnownFileType = sourcecode.swift; path = "MyProfileViewController+ArtistType.swift"; sourceTree = "<group>"; };
		57BF5AAA5B95CAB573354B0D /* Pods_BestArtist.framework */ = {isa = PBXFileReference; explicitFileType = wrapper.framework; includeInIndex = 0; path = Pods_BestArtist.framework; sourceTree = BUILT_PRODUCTS_DIR; };
		A1DA0471989A81C79E6C2592 /* Pods-BestArtist.release.xcconfig */ = {isa = PBXFileReference; includeInIndex = 1; lastKnownFileType = text.xcconfig; name = "Pods-BestArtist.release.xcconfig"; path = "Pods/Target Support Files/Pods-BestArtist/Pods-BestArtist.release.xcconfig"; sourceTree = "<group>"; };
/* End PBXFileReference section */

/* Begin PBXFrameworksBuildPhase section */
		3E36FDB021A353AA007781E5 /* Frameworks */ = {
			isa = PBXFrameworksBuildPhase;
			buildActionMask = 2147483647;
			files = (
				3F49E216FAF3A73B392157ED /* Pods_BestArtist.framework in Frameworks */,
			);
			runOnlyForDeploymentPostprocessing = 0;
		};
/* End PBXFrameworksBuildPhase section */

/* Begin PBXGroup section */
		3E017C1322030A7A00CF2E96 /* Network */ = {
			isa = PBXGroup;
			children = (
				3E75CAAE228FEA67004F8127 /* NetworkManager.swift */,
				3E017C1422030A8A00CF2E96 /* FirebaseManager.swift */,
				3E60598B222EDA4400156CB4 /* LoginManager.swift */,
			);
			path = Network;
			sourceTree = "<group>";
		};
		3E017C1622030B3E00CF2E96 /* Common */ = {
			isa = PBXGroup;
			children = (
				3E75CAB0228FEB2A004F8127 /* Models */,
				3E017C1322030A7A00CF2E96 /* Network */,
				3E75CAB5228FEEF9004F8127 /* Extensions */,
				3EBEC72521EBA9C600274C76 /* Geocoder.swift */,
				3E32991D21C687B400BC33AB /* BaseViewController.swift */,
				3E36FDD221A35462007781E5 /* GlobalManager.swift */,
				3E204CEC22E8CC8B0053283D /* Themes.swift */,
			);
			path = Common;
			sourceTree = "<group>";
		};
		3E017C1722030B6800CF2E96 /* ProfileCell */ = {
			isa = PBXGroup;
			children = (
				3E36FDC921A35462007781E5 /* ProfileCell.swift */,
				3E36FDCA21A35462007781E5 /* ProfileCell.xib */,
			);
			path = ProfileCell;
			sourceTree = "<group>";
		};
		3E36FDAA21A353AA007781E5 = {
			isa = PBXGroup;
			children = (
				3E36FDB521A353AA007781E5 /* BestArtist */,
				3E36FDB421A353AA007781E5 /* Products */,
				F14CD8175BBC050399ADB3D6 /* Pods */,
				C411F8B88093C505D75740D2 /* Frameworks */,
			);
			sourceTree = "<group>";
		};
		3E36FDB421A353AA007781E5 /* Products */ = {
			isa = PBXGroup;
			children = (
				3E36FDB321A353AA007781E5 /* BestArtist.app */,
			);
			name = Products;
			sourceTree = "<group>";
		};
		3E36FDB521A353AA007781E5 /* BestArtist */ = {
			isa = PBXGroup;
			children = (
				3E017C1622030B3E00CF2E96 /* Common */,
				3E36FDCF21A35462007781E5 /* Screens */,
				3E36FDC821A35462007781E5 /* UI */,
				3E36FDB621A353AA007781E5 /* AppDelegate.swift */,
				3E36FDBD21A353AB007781E5 /* Assets.xcassets */,
				3E9C21F022BAB2F50080A7CC /* CountriesList.json */,
				3E36FDC221A353AB007781E5 /* Info.plist */,
			);
			path = BestArtist;
			sourceTree = "<group>";
		};
		3E36FDC821A35462007781E5 /* UI */ = {
			isa = PBXGroup;
			children = (
				3E017C1722030B6800CF2E96 /* ProfileCell */,
				3E36FDD021A35462007781E5 /* Buttons */,
				3E017C11220307F600CF2E96 /* GradientView.swift */,
				3E36FDCB21A35462007781E5 /* LaunchScreen.storyboard */,
				3E36FDCD21A35462007781E5 /* Main.storyboard */,
				3EC0D00621BD38CF004627EA /* Profile.storyboard */,
				3E36FE2121A355BE007781E5 /* GoogleService-Info.plist */,
			);
			path = UI;
			sourceTree = "<group>";
		};
		3E36FDCF21A35462007781E5 /* Screens */ = {
			isa = PBXGroup;
			children = (
				3E36FDD721A35462007781E5 /* Login */,
				3E36FDD321A35462007781E5 /* Profiles List */,
				3E36FDD521A35462007781E5 /* My Profile */,
				3E36FDD921A35462007781E5 /* MenuViewController.swift */,
			);
			path = Screens;
			sourceTree = "<group>";
		};
		3E36FDD021A35462007781E5 /* Buttons */ = {
			isa = PBXGroup;
			children = (
				3E36FDD121A35462007781E5 /* HelpUIButtonClass.swift */,
			);
			path = Buttons;
			sourceTree = "<group>";
		};
		3E36FDD321A35462007781E5 /* Profiles List */ = {
			isa = PBXGroup;
			children = (
				3E75CCDA22902C3A004F8127 /* Filters */,
				3EAD7D922233F6430031485F /* Cart */,
				3E36FDD421A35462007781E5 /* ProfilesListViewController.swift */,
				3EA1B056226A0BED0039CFC1 /* FullScreenImageVC.swift */,
				3E204CF022E8DD460053283D /* CalendarDecorator.swift */,
			);
			path = "Profiles List";
			sourceTree = "<group>";
		};
		3E36FDD521A35462007781E5 /* My Profile */ = {
			isa = PBXGroup;
			children = (
				3EFAD9F922CE731300DF5093 /* NewMyProfile */,
				3E32991F21C68A5800BC33AB /* SetUserVideoViewController.swift */,
				3EBEC72321EBA37800274C76 /* SelectCityViewController.swift */,
				3E2B406622D905B500D73406 /* SelectPriceViewController.swift */,
				3E60598F222F013F00156CB4 /* SetUserDatesVC.swift */,
			);
			path = "My Profile";
			sourceTree = "<group>";
		};
		3E36FDD721A35462007781E5 /* Login */ = {
			isa = PBXGroup;
			children = (
				3E75CAB3228FEBEA004F8127 /* StartViewController.swift */,
				3E36FDD821A35462007781E5 /* LoginViewController.swift */,
			);
			path = Login;
			sourceTree = "<group>";
		};
		3E4AFED3230F08CE005B4E40 /* Cells */ = {
			isa = PBXGroup;
			children = (
				3E4AFED4230F08E5005B4E40 /* AddVideoCell.swift */,
				3E4AFED6230F18E3005B4E40 /* VideoCell.swift */,
			);
			path = Cells;
			sourceTree = "<group>";
		};
		3E75CAB0228FEB2A004F8127 /* Models */ = {
			isa = PBXGroup;
			children = (
				3E75CAB1228FEB35004F8127 /* City.swift */,
				3E3ECA8421EFC60D007B1FC3 /* User.swift */,
			);
			path = Models;
			sourceTree = "<group>";
		};
		3E75CAB5228FEEF9004F8127 /* Extensions */ = {
			isa = PBXGroup;
			children = (
				3E605989222ED0D100156CB4 /* UIView+Extensions.swift */,
				3E60598D222EDEB100156CB4 /* UIImage+Extensions.swift */,
				3E204CEE22E8CD0A0053283D /* UIColor+Extensions.swift */,
			);
			path = Extensions;
			sourceTree = "<group>";
		};
		3E75CCDA22902C3A004F8127 /* Filters */ = {
			isa = PBXGroup;
			children = (
				3E75CCDB22902C7E004F8127 /* MapVC.swift */,
				3EB266072295C41A00DCC5AB /* FilterVC.swift */,
			);
			path = Filters;
			sourceTree = "<group>";
		};
		3EAD7D922233F6430031485F /* Cart */ = {
			isa = PBXGroup;
			children = (
				3EAD7D932233F69E0031485F /* CartVC.swift */,
			);
			path = Cart;
			sourceTree = "<group>";
		};
		3EFAD9F922CE731300DF5093 /* NewMyProfile */ = {
			isa = PBXGroup;
			children = (
				3E4AFED3230F08CE005B4E40 /* Cells */,
				3EFAD9FA22CE733100DF5093 /* MyProfileViewModel.swift */,
				3E85491022C9157400869A9B /* MyProfileViewController.swift */,
				3E6BE0F123AF965300B84BF7 /* MyProfileViewController+Videos.swift */,
				3EFAD9FC22CE75D200DF5093 /* MyProfileViewController+Photo.swift */,
				3EFAD9FE22CE794700DF5093 /* MyProfileViewController+Name.swift */,
				3EFADA0022CE7A5200DF5093 /* MyProfileViewController+ArtistType.swift */,
				3E2B406822D90A1200D73406 /* MyProfileViewController+Price.swift */,
				3E204CEA22E8C8690053283D /* MyProfileViewController+Description.swift */,
				3E204CF222E8E1070053283D /* MyProfileViewController+Calendar.swift */,
			);
			path = NewMyProfile;
			sourceTree = "<group>";
		};
		C411F8B88093C505D75740D2 /* Frameworks */ = {
			isa = PBXGroup;
			children = (
				57BF5AAA5B95CAB573354B0D /* Pods_BestArtist.framework */,
			);
			name = Frameworks;
			sourceTree = "<group>";
		};
		F14CD8175BBC050399ADB3D6 /* Pods */ = {
			isa = PBXGroup;
			children = (
				381E424005E70D704B3C4588 /* Pods-BestArtist.debug.xcconfig */,
				A1DA0471989A81C79E6C2592 /* Pods-BestArtist.release.xcconfig */,
			);
			name = Pods;
			sourceTree = "<group>";
		};
/* End PBXGroup section */

/* Begin PBXNativeTarget section */
		3E36FDB221A353AA007781E5 /* BestArtist */ = {
			isa = PBXNativeTarget;
			buildConfigurationList = 3E36FDC521A353AB007781E5 /* Build configuration list for PBXNativeTarget "BestArtist" */;
			buildPhases = (
				A9BDFF6266715B28D7E5FA65 /* [CP] Check Pods Manifest.lock */,
				3E36FDAF21A353AA007781E5 /* Sources */,
				3E36FDB021A353AA007781E5 /* Frameworks */,
				3E36FDB121A353AA007781E5 /* Resources */,
				9018CAE1BA901525AA934183 /* [CP] Embed Pods Frameworks */,
			);
			buildRules = (
			);
			dependencies = (
			);
			name = BestArtist;
			productName = BestArtist;
			productReference = 3E36FDB321A353AA007781E5 /* BestArtist.app */;
			productType = "com.apple.product-type.application";
		};
/* End PBXNativeTarget section */

/* Begin PBXProject section */
		3E36FDAB21A353AA007781E5 /* Project object */ = {
			isa = PBXProject;
			attributes = {
				LastSwiftUpdateCheck = 1010;
				LastUpgradeCheck = 1010;
				ORGANIZATIONNAME = kievkao;
				TargetAttributes = {
					3E36FDB221A353AA007781E5 = {
						CreatedOnToolsVersion = 10.1;
						LastSwiftMigration = 1140;
					};
				};
			};
			buildConfigurationList = 3E36FDAE21A353AA007781E5 /* Build configuration list for PBXProject "BestArtist" */;
			compatibilityVersion = "Xcode 9.3";
			developmentRegion = en;
			hasScannedForEncodings = 0;
			knownRegions = (
				en,
				Base,
			);
			mainGroup = 3E36FDAA21A353AA007781E5;
			productRefGroup = 3E36FDB421A353AA007781E5 /* Products */;
			projectDirPath = "";
			projectRoot = "";
			targets = (
				3E36FDB221A353AA007781E5 /* BestArtist */,
			);
		};
/* End PBXProject section */

/* Begin PBXResourcesBuildPhase section */
		3E36FDB121A353AA007781E5 /* Resources */ = {
			isa = PBXResourcesBuildPhase;
			buildActionMask = 2147483647;
			files = (
				3EC0D00721BD38CF004627EA /* Profile.storyboard in Resources */,
				3E36FDFA21A35463007781E5 /* ProfileCell.xib in Resources */,
				3E36FDBE21A353AB007781E5 /* Assets.xcassets in Resources */,
				3E36FDFC21A35463007781E5 /* Main.storyboard in Resources */,
				3E9C21F122BAB2F60080A7CC /* CountriesList.json in Resources */,
				3E36FE2221A355BE007781E5 /* GoogleService-Info.plist in Resources */,
				3E36FDFB21A35463007781E5 /* LaunchScreen.storyboard in Resources */,
			);
			runOnlyForDeploymentPostprocessing = 0;
		};
/* End PBXResourcesBuildPhase section */

/* Begin PBXShellScriptBuildPhase section */
		9018CAE1BA901525AA934183 /* [CP] Embed Pods Frameworks */ = {
			isa = PBXShellScriptBuildPhase;
			buildActionMask = 2147483647;
			files = (
			);
			inputFileListPaths = (
				"${PODS_ROOT}/Target Support Files/Pods-BestArtist/Pods-BestArtist-frameworks-${CONFIGURATION}-input-files.xcfilelist",
			);
			name = "[CP] Embed Pods Frameworks";
			outputFileListPaths = (
				"${PODS_ROOT}/Target Support Files/Pods-BestArtist/Pods-BestArtist-frameworks-${CONFIGURATION}-output-files.xcfilelist",
			);
			runOnlyForDeploymentPostprocessing = 0;
			shellPath = /bin/sh;
			shellScript = "\"${PODS_ROOT}/Target Support Files/Pods-BestArtist/Pods-BestArtist-frameworks.sh\"\n";
			showEnvVarsInLog = 0;
		};
		A9BDFF6266715B28D7E5FA65 /* [CP] Check Pods Manifest.lock */ = {
			isa = PBXShellScriptBuildPhase;
			buildActionMask = 2147483647;
			files = (
			);
			inputPaths = (
				"${PODS_PODFILE_DIR_PATH}/Podfile.lock",
				"${PODS_ROOT}/Manifest.lock",
			);
			name = "[CP] Check Pods Manifest.lock";
			outputPaths = (
				"$(DERIVED_FILE_DIR)/Pods-BestArtist-checkManifestLockResult.txt",
			);
			runOnlyForDeploymentPostprocessing = 0;
			shellPath = /bin/sh;
			shellScript = "diff \"${PODS_PODFILE_DIR_PATH}/Podfile.lock\" \"${PODS_ROOT}/Manifest.lock\" > /dev/null\nif [ $? != 0 ] ; then\n    # print error to STDERR\n    echo \"error: The sandbox is not in sync with the Podfile.lock. Run 'pod install' or update your CocoaPods installation.\" >&2\n    exit 1\nfi\n# This output is used by Xcode 'outputs' to avoid re-running this script phase.\necho \"SUCCESS\" > \"${SCRIPT_OUTPUT_FILE_0}\"\n";
			showEnvVarsInLog = 0;
		};
/* End PBXShellScriptBuildPhase section */

/* Begin PBXSourcesBuildPhase section */
		3E36FDAF21A353AA007781E5 /* Sources */ = {
			isa = PBXSourcesBuildPhase;
			buildActionMask = 2147483647;
			files = (
				3E2B406922D90A1200D73406 /* MyProfileViewController+Price.swift in Sources */,
				3E204CF122E8DD460053283D /* CalendarDecorator.swift in Sources */,
				3E2B406722D905B500D73406 /* SelectPriceViewController.swift in Sources */,
				3E60598A222ED0D100156CB4 /* UIView+Extensions.swift in Sources */,
				3E36FDF921A35463007781E5 /* ProfileCell.swift in Sources */,
				3E36FDB721A353AA007781E5 /* AppDelegate.swift in Sources */,
				3EA1B057226A0BED0039CFC1 /* FullScreenImageVC.swift in Sources */,
				3EAD7D942233F69E0031485F /* CartVC.swift in Sources */,
				3E75CAB4228FEBEA004F8127 /* StartViewController.swift in Sources */,
				3E204CF322E8E1070053283D /* MyProfileViewController+Calendar.swift in Sources */,
				3EFAD9FF22CE794700DF5093 /* MyProfileViewController+Name.swift in Sources */,
				3E605990222F013F00156CB4 /* SetUserDatesVC.swift in Sources */,
				3EB266082295C41A00DCC5AB /* FilterVC.swift in Sources */,
				3E204CEB22E8C8690053283D /* MyProfileViewController+Description.swift in Sources */,
				3E75CCDC22902C7E004F8127 /* MapVC.swift in Sources */,
				3E32992021C68A5800BC33AB /* SetUserVideoViewController.swift in Sources */,
				3E36FDFD21A35463007781E5 /* HelpUIButtonClass.swift in Sources */,
				3E204CED22E8CC8B0053283D /* Themes.swift in Sources */,
				3E4AFED7230F18E3005B4E40 /* VideoCell.swift in Sources */,
				3E60598C222EDA4400156CB4 /* LoginManager.swift in Sources */,
				3E6BE0F223AF965300B84BF7 /* MyProfileViewController+Videos.swift in Sources */,
				3E36FE0221A35463007781E5 /* MenuViewController.swift in Sources */,
				3E85491122C9157400869A9B /* MyProfileViewController.swift in Sources */,
				3E017C12220307F600CF2E96 /* GradientView.swift in Sources */,
				3E4AFED5230F08E5005B4E40 /* AddVideoCell.swift in Sources */,
				3E32991E21C687B400BC33AB /* BaseViewController.swift in Sources */,
				3E36FE0121A35463007781E5 /* LoginViewController.swift in Sources */,
				3E017C1522030A8A00CF2E96 /* FirebaseManager.swift in Sources */,
				3EFAD9FB22CE733100DF5093 /* MyProfileViewModel.swift in Sources */,
				3EFAD9FD22CE75D200DF5093 /* MyProfileViewController+Photo.swift in Sources */,
				3E60598E222EDEB100156CB4 /* UIImage+Extensions.swift in Sources */,
				3E3ECA8521EFC60D007B1FC3 /* User.swift in Sources */,
				3EBEC72621EBA9C600274C76 /* Geocoder.swift in Sources */,
				3EFADA0122CE7A5200DF5093 /* MyProfileViewController+ArtistType.swift in Sources */,
				3E36FDFF21A35463007781E5 /* ProfilesListViewController.swift in Sources */,
				3E75CAB2228FEB35004F8127 /* City.swift in Sources */,
				3E75CAAF228FEA67004F8127 /* NetworkManager.swift in Sources */,
				3EBEC72421EBA37800274C76 /* SelectCityViewController.swift in Sources */,
				3E204CEF22E8CD0A0053283D /* UIColor+Extensions.swift in Sources */,
				3E36FDFE21A35463007781E5 /* GlobalManager.swift in Sources */,
			);
			runOnlyForDeploymentPostprocessing = 0;
		};
/* End PBXSourcesBuildPhase section */

/* Begin PBXVariantGroup section */
		3E36FDCB21A35462007781E5 /* LaunchScreen.storyboard */ = {
			isa = PBXVariantGroup;
			children = (
				3E36FDCC21A35462007781E5 /* Base */,
			);
			name = LaunchScreen.storyboard;
			sourceTree = "<group>";
		};
		3E36FDCD21A35462007781E5 /* Main.storyboard */ = {
			isa = PBXVariantGroup;
			children = (
				3E36FDCE21A35462007781E5 /* Base */,
			);
			name = Main.storyboard;
			sourceTree = "<group>";
		};
/* End PBXVariantGroup section */

/* Begin XCBuildConfiguration section */
		3E36FDC321A353AB007781E5 /* Debug */ = {
			isa = XCBuildConfiguration;
			buildSettings = {
				ALWAYS_SEARCH_USER_PATHS = NO;
				CLANG_ANALYZER_NONNULL = YES;
				CLANG_ANALYZER_NUMBER_OBJECT_CONVERSION = YES_AGGRESSIVE;
				CLANG_CXX_LANGUAGE_STANDARD = "gnu++14";
				CLANG_CXX_LIBRARY = "libc++";
				CLANG_ENABLE_MODULES = YES;
				CLANG_ENABLE_OBJC_ARC = YES;
				CLANG_ENABLE_OBJC_WEAK = YES;
				CLANG_WARN_BLOCK_CAPTURE_AUTORELEASING = YES;
				CLANG_WARN_BOOL_CONVERSION = YES;
				CLANG_WARN_COMMA = YES;
				CLANG_WARN_CONSTANT_CONVERSION = YES;
				CLANG_WARN_DEPRECATED_OBJC_IMPLEMENTATIONS = YES;
				CLANG_WARN_DIRECT_OBJC_ISA_USAGE = YES_ERROR;
				CLANG_WARN_DOCUMENTATION_COMMENTS = YES;
				CLANG_WARN_EMPTY_BODY = YES;
				CLANG_WARN_ENUM_CONVERSION = YES;
				CLANG_WARN_INFINITE_RECURSION = YES;
				CLANG_WARN_INT_CONVERSION = YES;
				CLANG_WARN_NON_LITERAL_NULL_CONVERSION = YES;
				CLANG_WARN_OBJC_IMPLICIT_RETAIN_SELF = YES;
				CLANG_WARN_OBJC_LITERAL_CONVERSION = YES;
				CLANG_WARN_OBJC_ROOT_CLASS = YES_ERROR;
				CLANG_WARN_RANGE_LOOP_ANALYSIS = YES;
				CLANG_WARN_STRICT_PROTOTYPES = YES;
				CLANG_WARN_SUSPICIOUS_MOVE = YES;
				CLANG_WARN_UNGUARDED_AVAILABILITY = YES_AGGRESSIVE;
				CLANG_WARN_UNREACHABLE_CODE = YES;
				CLANG_WARN__DUPLICATE_METHOD_MATCH = YES;
				CODE_SIGN_IDENTITY = "iPhone Developer";
				COPY_PHASE_STRIP = NO;
				DEBUG_INFORMATION_FORMAT = dwarf;
				ENABLE_STRICT_OBJC_MSGSEND = YES;
				ENABLE_TESTABILITY = YES;
				GCC_C_LANGUAGE_STANDARD = gnu11;
				GCC_DYNAMIC_NO_PIC = NO;
				GCC_NO_COMMON_BLOCKS = YES;
				GCC_OPTIMIZATION_LEVEL = 0;
				GCC_PREPROCESSOR_DEFINITIONS = (
					"DEBUG=1",
					"$(inherited)",
				);
				GCC_WARN_64_TO_32_BIT_CONVERSION = YES;
				GCC_WARN_ABOUT_RETURN_TYPE = YES_ERROR;
				GCC_WARN_UNDECLARED_SELECTOR = YES;
				GCC_WARN_UNINITIALIZED_AUTOS = YES_AGGRESSIVE;
				GCC_WARN_UNUSED_FUNCTION = YES;
				GCC_WARN_UNUSED_VARIABLE = YES;
				IPHONEOS_DEPLOYMENT_TARGET = 12.1;
				MTL_ENABLE_DEBUG_INFO = INCLUDE_SOURCE;
				MTL_FAST_MATH = YES;
				ONLY_ACTIVE_ARCH = YES;
				SDKROOT = iphoneos;
				SWIFT_ACTIVE_COMPILATION_CONDITIONS = DEBUG;
				SWIFT_OPTIMIZATION_LEVEL = "-Onone";
			};
			name = Debug;
		};
		3E36FDC421A353AB007781E5 /* Release */ = {
			isa = XCBuildConfiguration;
			buildSettings = {
				ALWAYS_SEARCH_USER_PATHS = NO;
				CLANG_ANALYZER_NONNULL = YES;
				CLANG_ANALYZER_NUMBER_OBJECT_CONVERSION = YES_AGGRESSIVE;
				CLANG_CXX_LANGUAGE_STANDARD = "gnu++14";
				CLANG_CXX_LIBRARY = "libc++";
				CLANG_ENABLE_MODULES = YES;
				CLANG_ENABLE_OBJC_ARC = YES;
				CLANG_ENABLE_OBJC_WEAK = YES;
				CLANG_WARN_BLOCK_CAPTURE_AUTORELEASING = YES;
				CLANG_WARN_BOOL_CONVERSION = YES;
				CLANG_WARN_COMMA = YES;
				CLANG_WARN_CONSTANT_CONVERSION = YES;
				CLANG_WARN_DEPRECATED_OBJC_IMPLEMENTATIONS = YES;
				CLANG_WARN_DIRECT_OBJC_ISA_USAGE = YES_ERROR;
				CLANG_WARN_DOCUMENTATION_COMMENTS = YES;
				CLANG_WARN_EMPTY_BODY = YES;
				CLANG_WARN_ENUM_CONVERSION = YES;
				CLANG_WARN_INFINITE_RECURSION = YES;
				CLANG_WARN_INT_CONVERSION = YES;
				CLANG_WARN_NON_LITERAL_NULL_CONVERSION = YES;
				CLANG_WARN_OBJC_IMPLICIT_RETAIN_SELF = YES;
				CLANG_WARN_OBJC_LITERAL_CONVERSION = YES;
				CLANG_WARN_OBJC_ROOT_CLASS = YES_ERROR;
				CLANG_WARN_RANGE_LOOP_ANALYSIS = YES;
				CLANG_WARN_STRICT_PROTOTYPES = YES;
				CLANG_WARN_SUSPICIOUS_MOVE = YES;
				CLANG_WARN_UNGUARDED_AVAILABILITY = YES_AGGRESSIVE;
				CLANG_WARN_UNREACHABLE_CODE = YES;
				CLANG_WARN__DUPLICATE_METHOD_MATCH = YES;
				CODE_SIGN_IDENTITY = "iPhone Developer";
				COPY_PHASE_STRIP = NO;
				DEBUG_INFORMATION_FORMAT = "dwarf-with-dsym";
				ENABLE_NS_ASSERTIONS = NO;
				ENABLE_STRICT_OBJC_MSGSEND = YES;
				GCC_C_LANGUAGE_STANDARD = gnu11;
				GCC_NO_COMMON_BLOCKS = YES;
				GCC_WARN_64_TO_32_BIT_CONVERSION = YES;
				GCC_WARN_ABOUT_RETURN_TYPE = YES_ERROR;
				GCC_WARN_UNDECLARED_SELECTOR = YES;
				GCC_WARN_UNINITIALIZED_AUTOS = YES_AGGRESSIVE;
				GCC_WARN_UNUSED_FUNCTION = YES;
				GCC_WARN_UNUSED_VARIABLE = YES;
				IPHONEOS_DEPLOYMENT_TARGET = 12.1;
				MTL_ENABLE_DEBUG_INFO = NO;
				MTL_FAST_MATH = YES;
				SDKROOT = iphoneos;
				SWIFT_COMPILATION_MODE = wholemodule;
				SWIFT_OPTIMIZATION_LEVEL = "-O";
				VALIDATE_PRODUCT = YES;
			};
			name = Release;
		};
		3E36FDC621A353AB007781E5 /* Debug */ = {
			isa = XCBuildConfiguration;
			baseConfigurationReference = 381E424005E70D704B3C4588 /* Pods-BestArtist.debug.xcconfig */;
			buildSettings = {
				ASSETCATALOG_COMPILER_APPICON_NAME = AppIcon;
				CODE_SIGN_STYLE = Automatic;
				DEVELOPMENT_TEAM = Q7CLDF32BG;
				INFOPLIST_FILE = BestArtist/Info.plist;
				IPHONEOS_DEPLOYMENT_TARGET = 13.1;
				LD_RUNPATH_SEARCH_PATHS = (
					"$(inherited)",
					"@executable_path/Frameworks",
				);
				PRODUCT_BUNDLE_IDENTIFIER = com.FindBestArtist;
				PRODUCT_NAME = "$(TARGET_NAME)";
				SWIFT_VERSION = 5.0;
				TARGETED_DEVICE_FAMILY = "1,2";
			};
			name = Debug;
		};
		3E36FDC721A353AB007781E5 /* Release */ = {
			isa = XCBuildConfiguration;
			baseConfigurationReference = A1DA0471989A81C79E6C2592 /* Pods-BestArtist.release.xcconfig */;
			buildSettings = {
				ASSETCATALOG_COMPILER_APPICON_NAME = AppIcon;
				CODE_SIGN_STYLE = Automatic;
				DEVELOPMENT_TEAM = Q7CLDF32BG;
				INFOPLIST_FILE = BestArtist/Info.plist;
				IPHONEOS_DEPLOYMENT_TARGET = 13.1;
				LD_RUNPATH_SEARCH_PATHS = (
					"$(inherited)",
					"@executable_path/Frameworks",
				);
				PRODUCT_BUNDLE_IDENTIFIER = com.kievkao.FindBestArtist;
				PRODUCT_NAME = "$(TARGET_NAME)";
				SWIFT_VERSION = 5.0;
				TARGETED_DEVICE_FAMILY = "1,2";
			};
			name = Release;
		};
/* End XCBuildConfiguration section */

/* Begin XCConfigurationList section */
		3E36FDAE21A353AA007781E5 /* Build configuration list for PBXProject "BestArtist" */ = {
			isa = XCConfigurationList;
			buildConfigurations = (
				3E36FDC321A353AB007781E5 /* Debug */,
				3E36FDC421A353AB007781E5 /* Release */,
			);
			defaultConfigurationIsVisible = 0;
			defaultConfigurationName = Release;
		};
		3E36FDC521A353AB007781E5 /* Build configuration list for PBXNativeTarget "BestArtist" */ = {
			isa = XCConfigurationList;
			buildConfigurations = (
				3E36FDC621A353AB007781E5 /* Debug */,
				3E36FDC721A353AB007781E5 /* Release */,
			);
			defaultConfigurationIsVisible = 0;
			defaultConfigurationName = Release;
		};
/* End XCConfigurationList section */
	};
	rootObject = 3E36FDAB21A353AA007781E5 /* Project object */;
}
